
Microsoft Visual Studio Solution File, Format Version 12.00
# Visual Studio Version 16
VisualStudioVersion = 16.0.29728.190
MinimumVisualStudioVersion = 10.0.40219.1
Project("{9A19103F-16F7-4668-BE54-9A1E7A4F7556}") = "InfoMenu", "InfoMenu\InfoMenu.csproj", "{CC4DE86D-E6FB-4B06-80DD-ED28BB5DD688}"
EndProject
Project("{9A19103F-16F7-4668-BE54-9A1E7A4F7556}") = "BackendHandler", "..\BackendHandler\BackendHandler.csproj", "{AE0D7079-A7EA-4DEC-A28E-34DCDCA20640}"
EndProject
Global
	GlobalSection(SolutionConfigurationPlatforms) = preSolution
		Debug|Any CPU = Debug|Any CPU
		Release|Any CPU = Release|Any CPU
	EndGlobalSection
	GlobalSection(ProjectConfigurationPlatforms) = postSolution
		{CC4DE86D-E6FB-4B06-80DD-ED28BB5DD688}.Debug|Any CPU.ActiveCfg = Debug|Any CPU
		{CC4DE86D-E6FB-4B06-80DD-ED28BB5DD688}.Debug|Any CPU.Build.0 = Debug|Any CPU
		{CC4DE86D-E6FB-4B06-80DD-ED28BB5DD688}.Release|Any CPU.ActiveCfg = Release|Any CPU
		{CC4DE86D-E6FB-4B06-80DD-ED28BB5DD688}.Release|Any CPU.Build.0 = Release|Any CPU
		{AE0D7079-A7EA-4DEC-A28E-34DCDCA20640}.Debug|Any CPU.ActiveCfg = Debug|Any CPU
		{AE0D7079-A7EA-4DEC-A28E-34DCDCA20640}.Debug|Any CPU.Build.0 = Debug|Any CPU
		{AE0D7079-A7EA-4DEC-A28E-34DCDCA20640}.Release|Any CPU.ActiveCfg = Release|Any CPU
		{AE0D7079-A7EA-4DEC-A28E-34DCDCA20640}.Release|Any CPU.Build.0 = Release|Any CPU
	EndGlobalSection
	GlobalSection(SolutionProperties) = preSolution
		HideSolutionNode = FALSE
	EndGlobalSection
	GlobalSection(ExtensibilityGlobals) = postSolution
		SolutionGuid = {770F915D-1336-490B-9ECE-53E0F540B65E}
	EndGlobalSection
EndGlobal
