
Microsoft Visual Studio Solution File, Format Version 12.00
# Visual Studio Version 16
VisualStudioVersion = 16.0.29709.97
MinimumVisualStudioVersion = 10.0.40219.1
Project("{9A19103F-16F7-4668-BE54-9A1E7A4F7556}") = "BagarTerminal", "BagarTerminal\BagarTerminal.csproj", "{417212A6-482A-443B-BF3A-B7881CDB568B}"
EndProject
Project("{9A19103F-16F7-4668-BE54-9A1E7A4F7556}") = "BackendHandler", "..\BackendHandler\BackendHandler.csproj", "{A6935D89-58DC-4D1D-93FC-5CAA2D964E6F}"
EndProject
Project("{9A19103F-16F7-4668-BE54-9A1E7A4F7556}") = "MenuFunctions", "..\MenuFunctions\MenuFunctions.csproj", "{6D3D635E-184A-400C-8A19-F917C3ABFC03}"
EndProject
Global
	GlobalSection(SolutionConfigurationPlatforms) = preSolution
		Debug|Any CPU = Debug|Any CPU
		Release|Any CPU = Release|Any CPU
	EndGlobalSection
	GlobalSection(ProjectConfigurationPlatforms) = postSolution
		{417212A6-482A-443B-BF3A-B7881CDB568B}.Debug|Any CPU.ActiveCfg = Debug|Any CPU
		{417212A6-482A-443B-BF3A-B7881CDB568B}.Debug|Any CPU.Build.0 = Debug|Any CPU
		{417212A6-482A-443B-BF3A-B7881CDB568B}.Release|Any CPU.ActiveCfg = Release|Any CPU
		{417212A6-482A-443B-BF3A-B7881CDB568B}.Release|Any CPU.Build.0 = Release|Any CPU
		{A6935D89-58DC-4D1D-93FC-5CAA2D964E6F}.Debug|Any CPU.ActiveCfg = Debug|Any CPU
		{A6935D89-58DC-4D1D-93FC-5CAA2D964E6F}.Debug|Any CPU.Build.0 = Debug|Any CPU
		{A6935D89-58DC-4D1D-93FC-5CAA2D964E6F}.Release|Any CPU.ActiveCfg = Release|Any CPU
		{A6935D89-58DC-4D1D-93FC-5CAA2D964E6F}.Release|Any CPU.Build.0 = Release|Any CPU
		{6D3D635E-184A-400C-8A19-F917C3ABFC03}.Debug|Any CPU.ActiveCfg = Debug|Any CPU
		{6D3D635E-184A-400C-8A19-F917C3ABFC03}.Debug|Any CPU.Build.0 = Debug|Any CPU
		{6D3D635E-184A-400C-8A19-F917C3ABFC03}.Release|Any CPU.ActiveCfg = Release|Any CPU
		{6D3D635E-184A-400C-8A19-F917C3ABFC03}.Release|Any CPU.Build.0 = Release|Any CPU
	EndGlobalSection
	GlobalSection(SolutionProperties) = preSolution
		HideSolutionNode = FALSE
	EndGlobalSection
	GlobalSection(ExtensibilityGlobals) = postSolution
		SolutionGuid = {3689D6F6-C35C-42F0-8572-CE3C23DE21B8}
	EndGlobalSection
EndGlobal
