
Microsoft Visual Studio Solution File, Format Version 12.00
# Visual Studio Version 16
VisualStudioVersion = 16.0.29709.97
MinimumVisualStudioVersion = 10.0.40219.1
Project("{9A19103F-16F7-4668-BE54-9A1E7A4F7556}") = "Administrator", "Administrator.csproj", "{9717B220-25C4-4C66-9017-D23352C5DA4A}"
EndProject
Project("{FAE04EC0-301F-11D3-BF4B-00C04F79EFBC}") = "MenuMethods", "..\MenuMethods\MenuMethods.csproj", "{2A4ACFC2-9910-462C-AD8F-E23DCD37FF8E}"
EndProject
Global
	GlobalSection(SolutionConfigurationPlatforms) = preSolution
		Debug|Any CPU = Debug|Any CPU
		Release|Any CPU = Release|Any CPU
	EndGlobalSection
	GlobalSection(ProjectConfigurationPlatforms) = postSolution
		{9717B220-25C4-4C66-9017-D23352C5DA4A}.Debug|Any CPU.ActiveCfg = Debug|Any CPU
		{9717B220-25C4-4C66-9017-D23352C5DA4A}.Debug|Any CPU.Build.0 = Debug|Any CPU
		{9717B220-25C4-4C66-9017-D23352C5DA4A}.Release|Any CPU.ActiveCfg = Release|Any CPU
		{9717B220-25C4-4C66-9017-D23352C5DA4A}.Release|Any CPU.Build.0 = Release|Any CPU
		{2A4ACFC2-9910-462C-AD8F-E23DCD37FF8E}.Debug|Any CPU.ActiveCfg = Debug|Any CPU
		{2A4ACFC2-9910-462C-AD8F-E23DCD37FF8E}.Debug|Any CPU.Build.0 = Debug|Any CPU
		{2A4ACFC2-9910-462C-AD8F-E23DCD37FF8E}.Release|Any CPU.ActiveCfg = Release|Any CPU
		{2A4ACFC2-9910-462C-AD8F-E23DCD37FF8E}.Release|Any CPU.Build.0 = Release|Any CPU
	EndGlobalSection
	GlobalSection(SolutionProperties) = preSolution
		HideSolutionNode = FALSE
	EndGlobalSection
	GlobalSection(ExtensibilityGlobals) = postSolution
		SolutionGuid = {DECF32EB-E192-4826-966E-B5362EFDBB39}
	EndGlobalSection
EndGlobal
